Microsoft Visual Studio Solution File, Format Version 12.00
# Visual Studio Version 17
VisualStudioVersion = 17.0.31903.59
MinimumVisualStudioVersion = 10.0.40219.1
Project("{FAE04EC0-301F-11D3-BF4B-00C04F79EFBC}") = "FrpQuickStart.Shared", "src\FrpQuickStart.Shared\FrpQuickStart.Shared.csproj", "{6F8140F1-7896-4DC3-A5A1-DB9F882CC9A0}"
EndProject
Project("{FAE04EC0-301F-11D3-BF4B-00C04F79EFBC}") = "FrpQuickStart.Client", "src\FrpQuickStart.Client\FrpQuickStart.Client.csproj", "{E99E050A-72AE-40D9-A44B-14C42B89F5EC}"
EndProject
Project("{FAE04EC0-301F-11D3-BF4B-00C04F79EFBC}") = "FrpQuickStart.Server", "src\FrpQuickStart.Server\FrpQuickStart.Server.csproj", "{6E62676B-C151-4137-BA67-A33659E8B040}"
EndProject
Global
	GlobalSection(SolutionConfigurationPlatforms) = preSolution
		Debug|Any CPU = Debug|Any CPU
		Release|Any CPU = Release|Any CPU
	EndGlobalSection
	GlobalSection(ProjectConfigurationPlatforms) = postSolution
		{6F8140F1-7896-4DC3-A5A1-DB9F882CC9A0}.Debug|Any CPU.ActiveCfg = Debug|Any CPU
		{6F8140F1-7896-4DC3-A5A1-DB9F882CC9A0}.Debug|Any CPU.Build.0 = Debug|Any CPU
		{6F8140F1-7896-4DC3-A5A1-DB9F882CC9A0}.Release|Any CPU.ActiveCfg = Release|Any CPU
		{6F8140F1-7896-4DC3-A5A1-DB9F882CC9A0}.Release|Any CPU.Build.0 = Release|Any CPU
		{E99E050A-72AE-40D9-A44B-14C42B89F5EC}.Debug|Any CPU.ActiveCfg = Debug|Any CPU
		{E99E050A-72AE-40D9-A44B-14C42B89F5EC}.Debug|Any CPU.Build.0 = Debug|Any CPU
		{E99E050A-72AE-40D9-A44B-14C42B89F5EC}.Release|Any CPU.ActiveCfg = Release|Any CPU
		{E99E050A-72AE-40D9-A44B-14C42B89F5EC}.Release|Any CPU.Build.0 = Release|Any CPU
		{6E62676B-C151-4137-BA67-A33659E8B040}.Debug|Any CPU.ActiveCfg = Debug|Any CPU
		{6E62676B-C151-4137-BA67-A33659E8B040}.Debug|Any CPU.Build.0 = Debug|Any CPU
		{6E62676B-C151-4137-BA67-A33659E8B040}.Release|Any CPU.ActiveCfg = Release|Any CPU
		{6E62676B-C151-4137-BA67-A33659E8B040}.Release|Any CPU.Build.0 = Release|Any CPU
	EndGlobalSection
EndGlobal
